
Microsoft Visual Studio Solution File, Format Version 12.00
# Visual Studio Version 17
VisualStudioVersion = 17.6.33723.286
MinimumVisualStudioVersion = 10.0.40219.1
Project("{9A19103F-16F7-4668-BE54-9A1E7A4F7556}") = "HelloWorld", "HelloWorld.csproj", "{C4461F69-3A7D-4765-B255-2510CC4E4D5D}"
EndProject
Global
	GlobalSection(SolutionConfigurationPlatforms) = preSolution
		Debug|Any CPU = Debug|Any CPU
		Release|Any CPU = Release|Any CPU
	EndGlobalSection
	GlobalSection(ProjectConfigurationPlatforms) = postSolution
		{C4461F69-3A7D-4765-B255-2510CC4E4D5D}.Debug|Any CPU.ActiveCfg = Debug|Any CPU
		{C4461F69-3A7D-4765-B255-2510CC4E4D5D}.Debug|Any CPU.Build.0 = Debug|Any CPU
		{C4461F69-3A7D-4765-B255-2510CC4E4D5D}.Release|Any CPU.ActiveCfg = Release|Any CPU
		{C4461F69-3A7D-4765-B255-2510CC4E4D5D}.Release|Any CPU.Build.0 = Release|Any CPU
	EndGlobalSection
	GlobalSection(SolutionProperties) = preSolution
		HideSolutionNode = FALSE
	EndGlobalSection
	GlobalSection(ExtensibilityGlobals) = postSolution
		SolutionGuid = {1E0C226B-3E8B-498A-992F-B1C1AF013EED}
	EndGlobalSection
EndGlobal
